{
  "version": 4,
  "terraform_version": "1.12.1",
  "serial": 5,
  "lineage": "b78c6c78-5d97-3994-a41a-3015e0e73faa",
  "outputs": {
    "aks_cluster_name": {
      "value": "dev-aks-cluster",
      "type": "string"
    }
  },
  "resources": [
    {
      "module": "module.aks",
      "mode": "managed",
      "type": "azurerm_resource_group",
      "name": "rg",
      "provider": "module.aks.provider[\"registry.terraform.io/hashicorp/azurerm\"]",
      "instances": [
        {
          "schema_version": 0,
          "attributes": {
            "id": "/subscriptions/785dd717-2d48-4955-8264-766c6c80b5d8/resourceGroups/dev-resource-group",
            "location": "eastus",
            "managed_by": "",
            "name": "dev-resource-group",
            "tags": {},
            "timeouts": null
          },
          "sensitive_attributes": [],
          "identity_schema_version": 0,
          "private": "eyJlMmJmYjczMC1lY2FhLTExZTYtOGY4OC0zNDM2M2JjN2M0YzAiOnsiY3JlYXRlIjo1NDAwMDAwMDAwMDAwLCJkZWxldGUiOjU0MDAwMDAwMDAwMDAsInJlYWQiOjMwMDAwMDAwMDAwMCwidXBkYXRlIjo1NDAwMDAwMDAwMDAwfX0="
        }
      ]
    }
  ],
  "check_results": null
}
